# This is a Gradle generated file for dependency locking.
# Manual edits can break the build and are not advised.
# This file is expected to be part of source control.
com.fasterxml.jackson.core:jackson-annotations:2.10.3=compileClasspath
com.github.docker-java:docker-java-api:3.4.1=compileClasspath
com.github.docker-java:docker-java-transport-zerodep:3.4.1=compileClasspath
com.github.docker-java:docker-java-transport:3.4.1=compileClasspath
com.google.protobuf:protobuf-java:4.29.0=compileClasspath
com.mysql:mysql-connector-j:9.2.0=compileClasspath
junit:junit:4.13.2=compileClasspath
net.java.dev.jna:jna:5.13.0=compileClasspath
org.apache.commons:commons-compress:1.24.0=compileClasspath
org.apache.kafka:kafka-clients:3.9.1=compileClasspath
org.apache.rocketmq:rocketmq-client-java:5.0.8=compileClasspath
org.hamcrest:hamcrest-core:1.3=compileClasspath
org.jetbrains:annotations:17.0.0=compileClasspath
org.rnorth.duct-tape:duct-tape:1.0.8=compileClasspath
org.slf4j:slf4j-api:1.7.36=compileClasspath
org.testcontainers:database-commons:1.20.6=compileClasspath
org.testcontainers:jdbc:1.20.6=compileClasspath
org.testcontainers:kafka:1.20.6=compileClasspath
org.testcontainers:mysql:1.20.6=compileClasspath
org.testcontainers:testcontainers:1.20.6=compileClasspath
empty=annotationProcessor
